Microsoft Visual Studio Solution File, Format Version 12.00
# Visual Studio 15
Project("{FAE04EC0-301F-11D3-BF4B-00C04F79EFBC}") = "Assembly-CSharp-firstpass", "Assembly-CSharp-firstpass.csproj", "{53F06606-B231-37ED-54DA-67350B36B6C0}"
EndProject
Project("{FAE04EC0-301F-11D3-BF4B-00C04F79EFBC}") = "Assembly-CSharp", "Assembly-CSharp.csproj", "{EA2EEEA6-193D-207B-3DDF-E0F09EB76353}"
EndProject
Project("{FAE04EC0-301F-11D3-BF4B-00C04F79EFBC}") = "NavMeshComponents", "NavMeshComponents.csproj", "{D6EDEB87-316E-C556-B13E-BECDD21634DF}"
EndProject
Project("{FAE04EC0-301F-11D3-BF4B-00C04F79EFBC}") = "Unity.RenderPipelines.ShaderGraph.ShaderGraphLibrary", "Unity.RenderPipelines.ShaderGraph.ShaderGraphLibrary.csproj", "{6A549AA3-59EA-B803-652C-82B263DD7F6E}"
EndProject
Project("{FAE04EC0-301F-11D3-BF4B-00C04F79EFBC}") = "Unity.ShaderGraph.Editor", "Unity.ShaderGraph.Editor.csproj", "{56DDAEB5-4E5C-3794-7D9F-A4162A6DB063}"
EndProject
Project("{FAE04EC0-301F-11D3-BF4B-00C04F79EFBC}") = "NavMeshComponentsEditor", "NavMeshComponentsEditor.csproj", "{3515EA19-14FC-536F-77EB-7DF5DF330269}"
EndProject
Project("{FAE04EC0-301F-11D3-BF4B-00C04F79EFBC}") = "Unity.ShaderGraph.Editor.Tests", "Unity.ShaderGraph.Editor.Tests.csproj", "{E23B3A38-C34A-4D6D-8EC0-D1508B755A17}"
EndProject
Global
	GlobalSection(SolutionConfigurationPlatforms) = preSolution
		Debug|Any CPU = Debug|Any CPU
		Release|Any CPU = Release|Any CPU
	EndGlobalSection
	GlobalSection(ProjectConfigurationPlatforms) = postSolution
		{53F06606-B231-37ED-54DA-67350B36B6C0}.Debug|Any CPU.ActiveCfg = Debug|Any CPU
		{53F06606-B231-37ED-54DA-67350B36B6C0}.Debug|Any CPU.Build.0 = Debug|Any CPU
		{53F06606-B231-37ED-54DA-67350B36B6C0}.Release|Any CPU.ActiveCfg = Release|Any CPU
		{53F06606-B231-37ED-54DA-67350B36B6C0}.Release|Any CPU.Build.0 = Release|Any CPU
		{EA2EEEA6-193D-207B-3DDF-E0F09EB76353}.Debug|Any CPU.ActiveCfg = Debug|Any CPU
		{EA2EEEA6-193D-207B-3DDF-E0F09EB76353}.Debug|Any CPU.Build.0 = Debug|Any CPU
		{EA2EEEA6-193D-207B-3DDF-E0F09EB76353}.Release|Any CPU.ActiveCfg = Release|Any CPU
		{EA2EEEA6-193D-207B-3DDF-E0F09EB76353}.Release|Any CPU.Build.0 = Release|Any CPU
		{D6EDEB87-316E-C556-B13E-BECDD21634DF}.Debug|Any CPU.ActiveCfg = Debug|Any CPU
		{D6EDEB87-316E-C556-B13E-BECDD21634DF}.Debug|Any CPU.Build.0 = Debug|Any CPU
		{D6EDEB87-316E-C556-B13E-BECDD21634DF}.Release|Any CPU.ActiveCfg = Release|Any CPU
		{D6EDEB87-316E-C556-B13E-BECDD21634DF}.Release|Any CPU.Build.0 = Release|Any CPU
		{6A549AA3-59EA-B803-652C-82B263DD7F6E}.Debug|Any CPU.ActiveCfg = Debug|Any CPU
		{6A549AA3-59EA-B803-652C-82B263DD7F6E}.Debug|Any CPU.Build.0 = Debug|Any CPU
		{6A549AA3-59EA-B803-652C-82B263DD7F6E}.Release|Any CPU.ActiveCfg = Release|Any CPU
		{6A549AA3-59EA-B803-652C-82B263DD7F6E}.Release|Any CPU.Build.0 = Release|Any CPU
		{56DDAEB5-4E5C-3794-7D9F-A4162A6DB063}.Debug|Any CPU.ActiveCfg = Debug|Any CPU
		{56DDAEB5-4E5C-3794-7D9F-A4162A6DB063}.Debug|Any CPU.Build.0 = Debug|Any CPU
		{56DDAEB5-4E5C-3794-7D9F-A4162A6DB063}.Release|Any CPU.ActiveCfg = Release|Any CPU
		{56DDAEB5-4E5C-3794-7D9F-A4162A6DB063}.Release|Any CPU.Build.0 = Release|Any CPU
		{3515EA19-14FC-536F-77EB-7DF5DF330269}.Debug|Any CPU.ActiveCfg = Debug|Any CPU
		{3515EA19-14FC-536F-77EB-7DF5DF330269}.Debug|Any CPU.Build.0 = Debug|Any CPU
		{3515EA19-14FC-536F-77EB-7DF5DF330269}.Release|Any CPU.ActiveCfg = Release|Any CPU
		{3515EA19-14FC-536F-77EB-7DF5DF330269}.Release|Any CPU.Build.0 = Release|Any CPU
		{E23B3A38-C34A-4D6D-8EC0-D1508B755A17}.Debug|Any CPU.ActiveCfg = Debug|Any CPU
		{E23B3A38-C34A-4D6D-8EC0-D1508B755A17}.Debug|Any CPU.Build.0 = Debug|Any CPU
		{E23B3A38-C34A-4D6D-8EC0-D1508B755A17}.Release|Any CPU.ActiveCfg = Release|Any CPU
		{E23B3A38-C34A-4D6D-8EC0-D1508B755A17}.Release|Any CPU.Build.0 = Release|Any CPU
	EndGlobalSection
	GlobalSection(SolutionProperties) = preSolution
		HideSolutionNode = FALSE
	EndGlobalSection
EndGlobal
